
Microsoft Visual Studio Solution File, Format Version 12.00
# Visual Studio Version 16
VisualStudioVersion = 16.0.29519.87
MinimumVisualStudioVersion = 10.0.40219.1
Project("{FAE04EC0-301F-11D3-BF4B-00C04F79EFBC}") = "LinqGroupBy", "LinqGroupBy\LinqGroupBy.csproj", "{2D532DAF-3036-4AE8-9A0F-A0C9FCE0F2D5}"
EndProject
Global
	GlobalSection(SolutionConfigurationPlatforms) = preSolution
		Debug|Any CPU = Debug|Any CPU
		Release|Any CPU = Release|Any CPU
	EndGlobalSection
	GlobalSection(ProjectConfigurationPlatforms) = postSolution
		{2D532DAF-3036-4AE8-9A0F-A0C9FCE0F2D5}.Debug|Any CPU.ActiveCfg = Debug|Any CPU
		{2D532DAF-3036-4AE8-9A0F-A0C9FCE0F2D5}.Debug|Any CPU.Build.0 = Debug|Any CPU
		{2D532DAF-3036-4AE8-9A0F-A0C9FCE0F2D5}.Release|Any CPU.ActiveCfg = Release|Any CPU
		{2D532DAF-3036-4AE8-9A0F-A0C9FCE0F2D5}.Release|Any CPU.Build.0 = Release|Any CPU
	EndGlobalSection
	GlobalSection(SolutionProperties) = preSolution
		HideSolutionNode = FALSE
	EndGlobalSection
	GlobalSection(ExtensibilityGlobals) = postSolution
		SolutionGuid = {090E3068-AFDA-499B-9E9B-3300E8A2FE5B}
	EndGlobalSection
EndGlobal
