
Microsoft Visual Studio Solution File, Format Version 12.00
# Visual Studio Version 16
VisualStudioVersion = 16.0.29519.87
MinimumVisualStudioVersion = 10.0.40219.1
Project("{FAE04EC0-301F-11D3-BF4B-00C04F79EFBC}") = "MyTree", "MyTree\MyTree.csproj", "{215F693F-0CC6-4F2F-9C8B-47CF6F06CFFB}"
EndProject
Global
	GlobalSection(SolutionConfigurationPlatforms) = preSolution
		Debug|Any CPU = Debug|Any CPU
		Release|Any CPU = Release|Any CPU
	EndGlobalSection
	GlobalSection(ProjectConfigurationPlatforms) = postSolution
		{215F693F-0CC6-4F2F-9C8B-47CF6F06CFFB}.Debug|Any CPU.ActiveCfg = Debug|Any CPU
		{215F693F-0CC6-4F2F-9C8B-47CF6F06CFFB}.Debug|Any CPU.Build.0 = Debug|Any CPU
		{215F693F-0CC6-4F2F-9C8B-47CF6F06CFFB}.Release|Any CPU.ActiveCfg = Release|Any CPU
		{215F693F-0CC6-4F2F-9C8B-47CF6F06CFFB}.Release|Any CPU.Build.0 = Release|Any CPU
	EndGlobalSection
	GlobalSection(SolutionProperties) = preSolution
		HideSolutionNode = FALSE
	EndGlobalSection
	GlobalSection(ExtensibilityGlobals) = postSolution
		SolutionGuid = {A73D16BB-023A-49E7-9E78-02BFAFC35674}
	EndGlobalSection
EndGlobal
