
Microsoft Visual Studio Solution File, Format Version 12.00
# Visual Studio Version 16
VisualStudioVersion = 16.0.29519.87
MinimumVisualStudioVersion = 10.0.40219.1
Project("{FAE04EC0-301F-11D3-BF4B-00C04F79EFBC}") = "PriorityQueue", "PriorityQueue\PriorityQueue.csproj", "{C0EC61F5-0751-4315-BAA6-47067AA6A712}"
EndProject
Global
	GlobalSection(SolutionConfigurationPlatforms) = preSolution
		Debug|Any CPU = Debug|Any CPU
		Release|Any CPU = Release|Any CPU
	EndGlobalSection
	GlobalSection(ProjectConfigurationPlatforms) = postSolution
		{C0EC61F5-0751-4315-BAA6-47067AA6A712}.Debug|Any CPU.ActiveCfg = Debug|Any CPU
		{C0EC61F5-0751-4315-BAA6-47067AA6A712}.Debug|Any CPU.Build.0 = Debug|Any CPU
		{C0EC61F5-0751-4315-BAA6-47067AA6A712}.Release|Any CPU.ActiveCfg = Release|Any CPU
		{C0EC61F5-0751-4315-BAA6-47067AA6A712}.Release|Any CPU.Build.0 = Release|Any CPU
	EndGlobalSection
	GlobalSection(SolutionProperties) = preSolution
		HideSolutionNode = FALSE
	EndGlobalSection
	GlobalSection(ExtensibilityGlobals) = postSolution
		SolutionGuid = {CB0052CA-B157-4A71-90B9-D80FCE4F03F1}
	EndGlobalSection
EndGlobal
